
Microsoft Visual Studio Solution File, Format Version 12.00
# Visual Studio Version 17
VisualStudioVersion = 17.5.002.0
MinimumVisualStudioVersion = 10.0.40219.1
Project("{9A19103F-16F7-4668-BE54-9A1E7A4F7556}") = "ReservApi", "ReservApi.csproj", "{D6837150-EB0C-4BA1-857B-82AD595F4FF7}"
EndProject
Global
	GlobalSection(SolutionConfigurationPlatforms) = preSolution
		Debug|Any CPU = Debug|Any CPU
		Release|Any CPU = Release|Any CPU
	EndGlobalSection
	GlobalSection(ProjectConfigurationPlatforms) = postSolution
		{D6837150-EB0C-4BA1-857B-82AD595F4FF7}.Debug|Any CPU.ActiveCfg = Debug|Any CPU
		{D6837150-EB0C-4BA1-857B-82AD595F4FF7}.Debug|Any CPU.Build.0 = Debug|Any CPU
		{D6837150-EB0C-4BA1-857B-82AD595F4FF7}.Release|Any CPU.ActiveCfg = Release|Any CPU
		{D6837150-EB0C-4BA1-857B-82AD595F4FF7}.Release|Any CPU.Build.0 = Release|Any CPU
	EndGlobalSection
	GlobalSection(SolutionProperties) = preSolution
		HideSolutionNode = FALSE
	EndGlobalSection
	GlobalSection(ExtensibilityGlobals) = postSolution
		SolutionGuid = {33A92959-70EF-4F1C-9DE0-33D8A7C6BAC4}
	EndGlobalSection
EndGlobal
